using System;
using System.Transactions;
using static System.Net.Mime.MediaTypeNames;

public class Proga
{

    public static void Main(string[] args)
    {
        //resh.FIRSTlvlex1();
        //resh.FIRSTlvlex5();
        //resh.SECONDlvlex1();
        //resh.SECONDlvlex10();
        //resh.THIRDlvlex4();
        //resh.RHIRDlvlex12();
        //resh.THIRDlvlex13();
        resh.THIRDlvlex11();
    }

    public class resh
    {
        public static void OnCircle(double x, double y, double r)
        {

            if ((x * x + y * y) == r * r)
            {
                Console.WriteLine($"Point ({x}, {y}) lies on a circle");
            }
            else
            {
                Console.WriteLine($"Point ({x}, {y}) doesn't lies on a circle");
            }
        }
        public static void FIRSTlvlex1()
        {
            double r = 2;
            double x1 = 0, y1 = 2, x2 = 1.5, y2 = 0.7, x3 = 1, y3 = 1, x4 = 3, y4 = 0;
            OnCircle(x1, y1, r);
            OnCircle(x2, y2, r);
            OnCircle(x3, y3, r);
            OnCircle(x4, y4, r);
        }

        public static void trinCircle(double x, double y)
        {
            if (Math.Sqrt(x / Math.PI) * 2 >= (Math.Sqrt(y * 2)))
            {
                Console.WriteLine("Square fits in circle");
            }
            else
            {
                Console.WriteLine("Square doesn't fits in circle");
            }
        }

        public static void FIRSTlvlex5()
        {
            double Ssqure1 = 36.74, Scircle1 = 70, Ssqure2 = 0.74, Scircle2 = 0.86;
            trinCircle(Scircle1, Ssqure1);
            trinCircle(Scircle2, Ssqure2);
        }

        public static void SECONDlvlex1()
        {
            Console.WriteLine("Enter the amount of students");
            double n = Convert.ToDouble(Console.ReadLine());
            while (n <= 0)
            {
                Console.WriteLine("Enter integer n > 0");
                n = Convert.ToDouble(Console.ReadLine());

            }
            double sumage = 0;
            double tmp1;
            for (int i = 0; i < n; i++)
            {
                Console.WriteLine($"Enter age of student № {i + 1}");
                tmp1 = Convert.ToDouble(Console.ReadLine());
                while (tmp1 <= 0)
                {
                    Console.WriteLine("Enter hieght more than 0");
                    tmp1 = Convert.ToDouble(Console.ReadLine());
                }
            }
            Console.WriteLine($"Avarage age is {sumage / n}");
        }

        public static void SECONDlvlex10()
        {
            Console.WriteLine("Enter the amount of students");
            double n = Convert.ToDouble(Console.ReadLine());
            while (n <= 0)
            {
                Console.WriteLine("Enter integer n > 0");
                n = Convert.ToDouble(Console.ReadLine());
            }
            double sum = 0;

            for (int i = 0; i < n; i++)
            {
                bool flag = true;
                for (int j = 0; j < 4; j++)
                {
                    Console.WriteLine($"Enter the score № {j + 1} of student № {i + 1}");
                    int a = Convert.ToInt32(Console.ReadLine());
                    while (a <= 0)
                    {
                        Console.WriteLine("Enter integer score > 0");
                        a = Convert.ToInt32(Console.ReadLine());
                    }
                    if (a == 2 || a == 3)
                    {
                        flag = false;
                    }
                }
                if (flag == true)
                {
                    sum += 1;
                }
            }
            Console.WriteLine($"Amount of students who didn't det 2 or 3 is {sum}");

        }


        public static void THIRDlvlex4()
        {
            double r1, r2;
            Console.WriteLine("Enter first R");
            r1 = Convert.ToDouble(Console.ReadLine());
            Console.WriteLine("Enter second R");
            r2 = Convert.ToDouble(Console.ReadLine());

            while (r1 > r2 || r1 <= 0)
            {
                if (r1 > r2)
                {
                    Console.WriteLine("Enter second R more than first R");
                    r2 = Convert.ToDouble(Console.ReadLine());
                }

                if (r1 <= 0)
                {
                    Console.WriteLine("Enter first more than 0");
                    r1 = Convert.ToDouble(Console.ReadLine());
                }
            }

            double x = 0, y = 0;
            while (true)
            {
                Console.WriteLine("Enter X");
                x = Convert.ToDouble(Console.ReadLine());
                Console.WriteLine("Enter Y");
                y = Convert.ToDouble(Console.ReadLine());

                if (x * x + y * y > r1 * r1 && x * x + y * y < r2 * r2)
                {
                    Console.WriteLine($"Dote ({x}, {y}) fits in ring");
                }
                else
                {
                    Console.WriteLine($"Dote ({x}, {y}) doesnt fit in ring");
                }
            }
        }


        public static void RHIRDlvlex12()
        {
            double r, choice;
            while (true)
            {
                Console.WriteLine("Enter R. When you want to end enter -");
                r = Convert.ToDouble(Console.ReadLine());
                choice = 1;
                while (choice != 0)
                {
                    Console.WriteLine("If you want to know S of squre enter 1, S of circle enter 2, S of triengle enter 3. At the ned enter 0");
                    choice = Convert.ToDouble(Console.ReadLine());

                    switch (choice)
                    {
                        case 1:
                            Console.WriteLine(r * r);
                            break;
                        case 2:
                            Console.WriteLine(r * r * Math.PI);
                            break;
                        case 3:
                            Console.WriteLine(r * r * Math.Sqrt(3) * 0.25);
                            break;
                    }
                }
            }
        }


        public static void THIRDlvlex13()
        {
            double a, b, choice;
            while (true)
            {
                Console.WriteLine("Enter a and b. When you want to end enter -");
                a = Convert.ToDouble(Console.ReadLine());
                b = Convert.ToDouble(Console.ReadLine());
                while (a <= 0 || b <= 0)
                {
                    if (a <= 0)
                    {
                        Console.WriteLine("Enter a > 0");
                        a = Convert.ToDouble(Console.ReadLine());
                    }
                    if (b <= 0)
                    {
                        Console.WriteLine("Enter b > 0");
                        b = Convert.ToDouble(Console.ReadLine());
                    }
                }
                choice = 1;
                while (choice != 0)
                {
                    Console.WriteLine("If you want to know S of rectangle enter 1, S of ring enter 2, S of triengle enter 3. At the end enter 0");
                    choice = Convert.ToDouble(Console.ReadLine());
                    switch (choice)
                    {
                        case 1: 
                            Console.WriteLine(a * b);
                            break;
                        case 2:
                            if (a > b)
                            {
                                double tmp = 0;
                                tmp = b;
                                b = a;
                                a = tmp;
                            }
                            Console.WriteLine((b - a) * Math.PI);
                            break;
                        case 3:
                            if (b * 2 <= a)
                            {
                                Console.WriteLine("For this pair you can't count S of triengle");
                                continue;
                            }
                            else
                            {
                                double p = (a + b * 2) / 2;
                                Console.WriteLine(Math.Sqrt(p * (p - a) * (p - b) * (p - b)));
                            }
                            break;
                    }
                    
                }
            }
        }


        public static void THIRDlvlex11()
        {
            double sum11 = 0;
            int m = 1;
            bool flag;
            double tmp11 = 1, summarks = 0;
            bool cont = true;
            while (cont == true)
            {

                flag = true;
                double tmpsum = 0;
                for (int i = 0; i < 4; i++)
                {
                    
                    Console.WriteLine($"Enter score № {i + 1} of sudent № {m}. Enter 0 if you want to see result");
                    tmp11 = Convert.ToDouble(Console.ReadLine());
                    while (tmp11 < 2 || tmp11 > 5)
                    {
                        Console.WriteLine("Enter integer mark from 2 to 5");
                        tmp11 = Convert.ToDouble(Console.ReadLine());
                    }
                    if (tmp11 == 2 || tmp11 == 3)
                    {
                        flag = false;
                    }
                    tmpsum += tmp11; 
                }
                if (flag == false)
                {
                    sum11++;
                }
                else
                {
                    summarks += tmpsum;
                }
                m++;
                Console.WriteLine("To add student enter 1, to see result enter 0");
                if (Convert.ToDouble(Console.ReadLine()) == 0)
                {
                    cont = false;
                }
            }
            Console.WriteLine($"Sum of bad students is {sum11} and average mark is {summarks /(m - 1 - sum11) * 0.25}");
        }
    }
}
